
Microsoft Visual Studio Solution File, Format Version 12.00
# Visual Studio 14
VisualStudioVersion = 14.0.23107.0
MinimumVisualStudioVersion = 10.0.40219.1
Project("{FAE04EC0-301F-11D3-BF4B-00C04F79EFBC}") = "IPMS.Domain", "IPMS.Domain\IPMS.Domain.csproj", "{E00E43C0-E42A-4793-889F-EAA2DA343C40}"
EndProject
Project("{FAE04EC0-301F-11D3-BF4B-00C04F79EFBC}") = "IPMS.Data", "IPMS.Data\IPMS.Data.csproj", "{D090EA4B-08B0-4D64-9C7A-B9795B4544F7}"
EndProject
Project("{FAE04EC0-301F-11D3-BF4B-00C04F79EFBC}") = "IPMS.Repository", "IPMS.Repository\IPMS.Repository.csproj", "{8E84D313-D5D5-4915-ACB3-2AC2FFAEF552}"
EndProject
Project("{FAE04EC0-301F-11D3-BF4B-00C04F79EFBC}") = "IPMS.Services", "IPMS.Services\IPMS.Services.csproj", "{19F71BF8-3EC2-4100-BF3A-4B78A9F09CC5}"
EndProject
Project("{2150E333-8FDC-42A3-9474-1A3956D46DE8}") = ".nuget", ".nuget", "{97BD53FB-F175-45E5-A182-ECC47DCE2B12}"
	ProjectSection(SolutionItems) = preProject
		.nuget\NuGet.Config = .nuget\NuGet.Config
		.nuget\NuGet.exe = .nuget\NuGet.exe
		.nuget\NuGet.targets = .nuget\NuGet.targets
		Settings.StyleCop = Settings.StyleCop
	EndProjectSection
EndProject
Project("{2150E333-8FDC-42A3-9474-1A3956D46DE8}") = "Core", "Core", "{AFC3E6F9-BFB3-401D-A572-DA6CEF079000}"
EndProject
Project("{FAE04EC0-301F-11D3-BF4B-00C04F79EFBC}") = "Core.Repository", "IPMS.Core.Repository\Core.Repository.csproj", "{7A02DF10-6661-4268-8BC0-B4D62478B934}"
EndProject
Project("{2150E333-8FDC-42A3-9474-1A3956D46DE8}") = "Tests", "Tests", "{D68C5CB8-8CEC-4817-A4D7-5277E199D3DE}"
EndProject
Project("{FAE04EC0-301F-11D3-BF4B-00C04F79EFBC}") = "IPMS.Web", "IMPS.Web\IPMS.Web.csproj", "{952643C7-BF52-468E-8567-1257C91BC85E}"
EndProject
Project("{FAE04EC0-301F-11D3-BF4B-00C04F79EFBC}") = "IPMS.Service.Tests", "IPMS.Service.Tests\IPMS.Service.Tests.csproj", "{A236503E-6DF1-4DE8-A38E-39389FCCDB55}"
EndProject
Project("{2150E333-8FDC-42A3-9474-1A3956D46DE8}") = "Hosting", "Hosting", "{FCEF324A-19C8-40FB-BC1F-698CD77492B9}"
EndProject
Project("{FAE04EC0-301F-11D3-BF4B-00C04F79EFBC}") = "IPMS.ServiceHost.IIS", "IPMS.ServiceHost.IIS\IPMS.ServiceHost.IIS.csproj", "{89722F44-0FE6-4195-93D7-78765F6E8B7E}"
EndProject
Project("{F14B399A-7131-4C87-9E4B-1186C45EF12D}") = "IPMS.Reports", "IPMS.Reports\IPMS.Reports.rptproj", "{687C327F-CD65-4CA3-B4D7-F99C6D12C8EA}"
EndProject
Project("{FAE04EC0-301F-11D3-BF4B-00C04F79EFBC}") = "MvcReportViewer", "MvcReportViewer\MvcReportViewer.csproj", "{6353720D-C784-4C00-A7B7-D652542FBCC9}"
EndProject
Project("{FAE04EC0-301F-11D3-BF4B-00C04F79EFBC}") = "IPMS.Notifications.Engine", "IPMS.Notifications.Engine\IPMS.Notifications.Engine.csproj", "{10972792-16A1-4A13-8547-0CBDCB38FA45}"
EndProject
Project("{FAE04EC0-301F-11D3-BF4B-00C04F79EFBC}") = "IPMS.Notification.Console.Tests", "IPMS.Notification.Console.Tests\IPMS.Notification.Console.Tests.csproj", "{A3F50187-738F-4392-9251-83517646ABE2}"
EndProject
Project("{FAE04EC0-301F-11D3-BF4B-00C04F79EFBC}") = "IPMS.Notification.Service", "IPMS.Notification.Service\IPMS.Notification.Service.csproj", "{59FCDD00-04FD-4AAC-BB53-FEF09EB417AD}"
EndProject
Project("{FAE04EC0-301F-11D3-BF4B-00C04F79EFBC}") = "IPMS.ServiceHost.Console", "IPMS.ServiceHost.Console\IPMS.ServiceHost.Console.csproj", "{65971B65-8DAD-4103-8FBF-672DC04D18D2}"
EndProject
Project("{FAE04EC0-301F-11D3-BF4B-00C04F79EFBC}") = "SAPNotifications.Engine", "SAPNotifications.Engine\SAPNotifications.Engine.csproj", "{C3C551EE-5B91-4609-92F1-649B35228B82}"
EndProject
Project("{FAE04EC0-301F-11D3-BF4B-00C04F79EFBC}") = "SAPNotification.Service", "SAPNotification.Service\SAPNotification.Service.csproj", "{FE20B958-1D23-46E1-B463-7B145BA2AABB}"
EndProject
Project("{FAE04EC0-301F-11D3-BF4B-00C04F79EFBC}") = "SAPNotification.Console.Tests", "SAPNotification.Console.Tests\SAPNotification.Console.Tests.csproj", "{7899ACD1-490E-44FC-978A-13131515A56D}"
EndProject
Project("{2150E333-8FDC-42A3-9474-1A3956D46DE8}") = "Solution Items", "Solution Items", "{360064E5-98BB-4889-8E4D-4EF8F4AE7258}"
	ProjectSection(SolutionItems) = preProject
		IPMS.Domain\Models\General Features\ResetPasswordLogs.cs = IPMS.Domain\Models\General Features\ResetPasswordLogs.cs
	EndProjectSection
EndProject
Global
	GlobalSection(SubversionScc) = preSolution
		Svn-Managed = True
		Manager = AnkhSVN - Subversion Support for Visual Studio
	EndGlobalSection
	GlobalSection(SolutionConfigurationPlatforms) = preSolution
		CD_ROM|Any CPU = CD_ROM|Any CPU
		Debug|Any CPU = Debug|Any CPU
		DebugLocal|Any CPU = DebugLocal|Any CPU
		DVD-5|Any CPU = DVD-5|Any CPU
		QA|Any CPU = QA|Any CPU
		Release|Any CPU = Release|Any CPU
		SingleImage|Any CPU = SingleImage|Any CPU
	EndGlobalSection
	GlobalSection(ProjectConfigurationPlatforms) = postSolution
		{E00E43C0-E42A-4793-889F-EAA2DA343C40}.CD_ROM|Any CPU.ActiveCfg = Release|Any CPU
		{E00E43C0-E42A-4793-889F-EAA2DA343C40}.CD_ROM|Any CPU.Build.0 = Release|Any CPU
		{E00E43C0-E42A-4793-889F-EAA2DA343C40}.Debug|Any CPU.ActiveCfg = Debug|Any CPU
		{E00E43C0-E42A-4793-889F-EAA2DA343C40}.Debug|Any CPU.Build.0 = Debug|Any CPU
		{E00E43C0-E42A-4793-889F-EAA2DA343C40}.DebugLocal|Any CPU.ActiveCfg = Debug|Any CPU
		{E00E43C0-E42A-4793-889F-EAA2DA343C40}.DebugLocal|Any CPU.Build.0 = Debug|Any CPU
		{E00E43C0-E42A-4793-889F-EAA2DA343C40}.DVD-5|Any CPU.ActiveCfg = Debug|Any CPU
		{E00E43C0-E42A-4793-889F-EAA2DA343C40}.DVD-5|Any CPU.Build.0 = Debug|Any CPU
		{E00E43C0-E42A-4793-889F-EAA2DA343C40}.QA|Any CPU.ActiveCfg = QA|Any CPU
		{E00E43C0-E42A-4793-889F-EAA2DA343C40}.QA|Any CPU.Build.0 = QA|Any CPU
		{E00E43C0-E42A-4793-889F-EAA2DA343C40}.Release|Any CPU.ActiveCfg = Release|Any CPU
		{E00E43C0-E42A-4793-889F-EAA2DA343C40}.Release|Any CPU.Build.0 = Release|Any CPU
		{E00E43C0-E42A-4793-889F-EAA2DA343C40}.SingleImage|Any CPU.ActiveCfg = Release|Any CPU
		{E00E43C0-E42A-4793-889F-EAA2DA343C40}.SingleImage|Any CPU.Build.0 = Release|Any CPU
		{D090EA4B-08B0-4D64-9C7A-B9795B4544F7}.CD_ROM|Any CPU.ActiveCfg = Release|Any CPU
		{D090EA4B-08B0-4D64-9C7A-B9795B4544F7}.CD_ROM|Any CPU.Build.0 = Release|Any CPU
		{D090EA4B-08B0-4D64-9C7A-B9795B4544F7}.Debug|Any CPU.ActiveCfg = Debug|Any CPU
		{D090EA4B-08B0-4D64-9C7A-B9795B4544F7}.Debug|Any CPU.Build.0 = Debug|Any CPU
		{D090EA4B-08B0-4D64-9C7A-B9795B4544F7}.DebugLocal|Any CPU.ActiveCfg = Debug|Any CPU
		{D090EA4B-08B0-4D64-9C7A-B9795B4544F7}.DebugLocal|Any CPU.Build.0 = Debug|Any CPU
		{D090EA4B-08B0-4D64-9C7A-B9795B4544F7}.DVD-5|Any CPU.ActiveCfg = Debug|Any CPU
		{D090EA4B-08B0-4D64-9C7A-B9795B4544F7}.DVD-5|Any CPU.Build.0 = Debug|Any CPU
		{D090EA4B-08B0-4D64-9C7A-B9795B4544F7}.QA|Any CPU.ActiveCfg = QA|Any CPU
		{D090EA4B-08B0-4D64-9C7A-B9795B4544F7}.QA|Any CPU.Build.0 = QA|Any CPU
		{D090EA4B-08B0-4D64-9C7A-B9795B4544F7}.Release|Any CPU.ActiveCfg = Release|Any CPU
		{D090EA4B-08B0-4D64-9C7A-B9795B4544F7}.Release|Any CPU.Build.0 = Release|Any CPU
		{D090EA4B-08B0-4D64-9C7A-B9795B4544F7}.SingleImage|Any CPU.ActiveCfg = Release|Any CPU
		{D090EA4B-08B0-4D64-9C7A-B9795B4544F7}.SingleImage|Any CPU.Build.0 = Release|Any CPU
		{8E84D313-D5D5-4915-ACB3-2AC2FFAEF552}.CD_ROM|Any CPU.ActiveCfg = Release|Any CPU
		{8E84D313-D5D5-4915-ACB3-2AC2FFAEF552}.CD_ROM|Any CPU.Build.0 = Release|Any CPU
		{8E84D313-D5D5-4915-ACB3-2AC2FFAEF552}.Debug|Any CPU.ActiveCfg = Debug|Any CPU
		{8E84D313-D5D5-4915-ACB3-2AC2FFAEF552}.Debug|Any CPU.Build.0 = Debug|Any CPU
		{8E84D313-D5D5-4915-ACB3-2AC2FFAEF552}.DebugLocal|Any CPU.ActiveCfg = Debug|Any CPU
		{8E84D313-D5D5-4915-ACB3-2AC2FFAEF552}.DebugLocal|Any CPU.Build.0 = Debug|Any CPU
		{8E84D313-D5D5-4915-ACB3-2AC2FFAEF552}.DVD-5|Any CPU.ActiveCfg = Debug|Any CPU
		{8E84D313-D5D5-4915-ACB3-2AC2FFAEF552}.DVD-5|Any CPU.Build.0 = Debug|Any CPU
		{8E84D313-D5D5-4915-ACB3-2AC2FFAEF552}.QA|Any CPU.ActiveCfg = QA|Any CPU
		{8E84D313-D5D5-4915-ACB3-2AC2FFAEF552}.QA|Any CPU.Build.0 = QA|Any CPU
		{8E84D313-D5D5-4915-ACB3-2AC2FFAEF552}.Release|Any CPU.ActiveCfg = Release|Any CPU
		{8E84D313-D5D5-4915-ACB3-2AC2FFAEF552}.Release|Any CPU.Build.0 = Release|Any CPU
		{8E84D313-D5D5-4915-ACB3-2AC2FFAEF552}.SingleImage|Any CPU.ActiveCfg = Release|Any CPU
		{8E84D313-D5D5-4915-ACB3-2AC2FFAEF552}.SingleImage|Any CPU.Build.0 = Release|Any CPU
		{19F71BF8-3EC2-4100-BF3A-4B78A9F09CC5}.CD_ROM|Any CPU.ActiveCfg = Release|Any CPU
		{19F71BF8-3EC2-4100-BF3A-4B78A9F09CC5}.CD_ROM|Any CPU.Build.0 = Release|Any CPU
		{19F71BF8-3EC2-4100-BF3A-4B78A9F09CC5}.Debug|Any CPU.ActiveCfg = Debug|Any CPU
		{19F71BF8-3EC2-4100-BF3A-4B78A9F09CC5}.Debug|Any CPU.Build.0 = Debug|Any CPU
		{19F71BF8-3EC2-4100-BF3A-4B78A9F09CC5}.DebugLocal|Any CPU.ActiveCfg = Debug|Any CPU
		{19F71BF8-3EC2-4100-BF3A-4B78A9F09CC5}.DebugLocal|Any CPU.Build.0 = Debug|Any CPU
		{19F71BF8-3EC2-4100-BF3A-4B78A9F09CC5}.DVD-5|Any CPU.ActiveCfg = Debug|Any CPU
		{19F71BF8-3EC2-4100-BF3A-4B78A9F09CC5}.DVD-5|Any CPU.Build.0 = Debug|Any CPU
		{19F71BF8-3EC2-4100-BF3A-4B78A9F09CC5}.QA|Any CPU.ActiveCfg = QA|Any CPU
		{19F71BF8-3EC2-4100-BF3A-4B78A9F09CC5}.QA|Any CPU.Build.0 = QA|Any CPU
		{19F71BF8-3EC2-4100-BF3A-4B78A9F09CC5}.Release|Any CPU.ActiveCfg = Release|Any CPU
		{19F71BF8-3EC2-4100-BF3A-4B78A9F09CC5}.Release|Any CPU.Build.0 = Release|Any CPU
		{19F71BF8-3EC2-4100-BF3A-4B78A9F09CC5}.SingleImage|Any CPU.ActiveCfg = Release|Any CPU
		{19F71BF8-3EC2-4100-BF3A-4B78A9F09CC5}.SingleImage|Any CPU.Build.0 = Release|Any CPU
		{7A02DF10-6661-4268-8BC0-B4D62478B934}.CD_ROM|Any CPU.ActiveCfg = Release|Any CPU
		{7A02DF10-6661-4268-8BC0-B4D62478B934}.CD_ROM|Any CPU.Build.0 = Release|Any CPU
		{7A02DF10-6661-4268-8BC0-B4D62478B934}.Debug|Any CPU.ActiveCfg = Debug|Any CPU
		{7A02DF10-6661-4268-8BC0-B4D62478B934}.Debug|Any CPU.Build.0 = Debug|Any CPU
		{7A02DF10-6661-4268-8BC0-B4D62478B934}.DebugLocal|Any CPU.ActiveCfg = Debug|Any CPU
		{7A02DF10-6661-4268-8BC0-B4D62478B934}.DebugLocal|Any CPU.Build.0 = Debug|Any CPU
		{7A02DF10-6661-4268-8BC0-B4D62478B934}.DVD-5|Any CPU.ActiveCfg = Debug|Any CPU
		{7A02DF10-6661-4268-8BC0-B4D62478B934}.DVD-5|Any CPU.Build.0 = Debug|Any CPU
		{7A02DF10-6661-4268-8BC0-B4D62478B934}.QA|Any CPU.ActiveCfg = QA|Any CPU
		{7A02DF10-6661-4268-8BC0-B4D62478B934}.QA|Any CPU.Build.0 = QA|Any CPU
		{7A02DF10-6661-4268-8BC0-B4D62478B934}.Release|Any CPU.ActiveCfg = Release|Any CPU
		{7A02DF10-6661-4268-8BC0-B4D62478B934}.Release|Any CPU.Build.0 = Release|Any CPU
		{7A02DF10-6661-4268-8BC0-B4D62478B934}.SingleImage|Any CPU.ActiveCfg = Release|Any CPU
		{7A02DF10-6661-4268-8BC0-B4D62478B934}.SingleImage|Any CPU.Build.0 = Release|Any CPU
		{952643C7-BF52-468E-8567-1257C91BC85E}.CD_ROM|Any CPU.ActiveCfg = Release|Any CPU
		{952643C7-BF52-468E-8567-1257C91BC85E}.CD_ROM|Any CPU.Build.0 = Release|Any CPU
		{952643C7-BF52-468E-8567-1257C91BC85E}.Debug|Any CPU.ActiveCfg = Debug|Any CPU
		{952643C7-BF52-468E-8567-1257C91BC85E}.Debug|Any CPU.Build.0 = Debug|Any CPU
		{952643C7-BF52-468E-8567-1257C91BC85E}.DebugLocal|Any CPU.ActiveCfg = Debug|Any CPU
		{952643C7-BF52-468E-8567-1257C91BC85E}.DebugLocal|Any CPU.Build.0 = Debug|Any CPU
		{952643C7-BF52-468E-8567-1257C91BC85E}.DVD-5|Any CPU.ActiveCfg = Debug|Any CPU
		{952643C7-BF52-468E-8567-1257C91BC85E}.DVD-5|Any CPU.Build.0 = Debug|Any CPU
		{952643C7-BF52-468E-8567-1257C91BC85E}.QA|Any CPU.ActiveCfg = QA|Any CPU
		{952643C7-BF52-468E-8567-1257C91BC85E}.QA|Any CPU.Build.0 = QA|Any CPU
		{952643C7-BF52-468E-8567-1257C91BC85E}.Release|Any CPU.ActiveCfg = Release|Any CPU
		{952643C7-BF52-468E-8567-1257C91BC85E}.Release|Any CPU.Build.0 = Release|Any CPU
		{952643C7-BF52-468E-8567-1257C91BC85E}.SingleImage|Any CPU.ActiveCfg = Release|Any CPU
		{952643C7-BF52-468E-8567-1257C91BC85E}.SingleImage|Any CPU.Build.0 = Release|Any CPU
		{A236503E-6DF1-4DE8-A38E-39389FCCDB55}.CD_ROM|Any CPU.ActiveCfg = Release|Any CPU
		{A236503E-6DF1-4DE8-A38E-39389FCCDB55}.CD_ROM|Any CPU.Build.0 = Release|Any CPU
		{A236503E-6DF1-4DE8-A38E-39389FCCDB55}.Debug|Any CPU.ActiveCfg = Debug|Any CPU
		{A236503E-6DF1-4DE8-A38E-39389FCCDB55}.Debug|Any CPU.Build.0 = Debug|Any CPU
		{A236503E-6DF1-4DE8-A38E-39389FCCDB55}.DebugLocal|Any CPU.ActiveCfg = Debug|Any CPU
		{A236503E-6DF1-4DE8-A38E-39389FCCDB55}.DebugLocal|Any CPU.Build.0 = Debug|Any CPU
		{A236503E-6DF1-4DE8-A38E-39389FCCDB55}.DVD-5|Any CPU.ActiveCfg = Debug|Any CPU
		{A236503E-6DF1-4DE8-A38E-39389FCCDB55}.DVD-5|Any CPU.Build.0 = Debug|Any CPU
		{A236503E-6DF1-4DE8-A38E-39389FCCDB55}.QA|Any CPU.ActiveCfg = QA|Any CPU
		{A236503E-6DF1-4DE8-A38E-39389FCCDB55}.QA|Any CPU.Build.0 = QA|Any CPU
		{A236503E-6DF1-4DE8-A38E-39389FCCDB55}.Release|Any CPU.ActiveCfg = Release|Any CPU
		{A236503E-6DF1-4DE8-A38E-39389FCCDB55}.Release|Any CPU.Build.0 = Release|Any CPU
		{A236503E-6DF1-4DE8-A38E-39389FCCDB55}.SingleImage|Any CPU.ActiveCfg = Release|Any CPU
		{A236503E-6DF1-4DE8-A38E-39389FCCDB55}.SingleImage|Any CPU.Build.0 = Release|Any CPU
		{89722F44-0FE6-4195-93D7-78765F6E8B7E}.CD_ROM|Any CPU.ActiveCfg = Release|Any CPU
		{89722F44-0FE6-4195-93D7-78765F6E8B7E}.CD_ROM|Any CPU.Build.0 = Release|Any CPU
		{89722F44-0FE6-4195-93D7-78765F6E8B7E}.Debug|Any CPU.ActiveCfg = Debug|Any CPU
		{89722F44-0FE6-4195-93D7-78765F6E8B7E}.Debug|Any CPU.Build.0 = Debug|Any CPU
		{89722F44-0FE6-4195-93D7-78765F6E8B7E}.DebugLocal|Any CPU.ActiveCfg = Debug|Any CPU
		{89722F44-0FE6-4195-93D7-78765F6E8B7E}.DVD-5|Any CPU.ActiveCfg = Debug|Any CPU
		{89722F44-0FE6-4195-93D7-78765F6E8B7E}.DVD-5|Any CPU.Build.0 = Debug|Any CPU
		{89722F44-0FE6-4195-93D7-78765F6E8B7E}.QA|Any CPU.ActiveCfg = QA|Any CPU
		{89722F44-0FE6-4195-93D7-78765F6E8B7E}.QA|Any CPU.Build.0 = QA|Any CPU
		{89722F44-0FE6-4195-93D7-78765F6E8B7E}.Release|Any CPU.ActiveCfg = Release|Any CPU
		{89722F44-0FE6-4195-93D7-78765F6E8B7E}.Release|Any CPU.Build.0 = Release|Any CPU
		{89722F44-0FE6-4195-93D7-78765F6E8B7E}.SingleImage|Any CPU.ActiveCfg = Release|Any CPU
		{89722F44-0FE6-4195-93D7-78765F6E8B7E}.SingleImage|Any CPU.Build.0 = Release|Any CPU
		{687C327F-CD65-4CA3-B4D7-F99C6D12C8EA}.CD_ROM|Any CPU.ActiveCfg = Release
		{687C327F-CD65-4CA3-B4D7-F99C6D12C8EA}.CD_ROM|Any CPU.Build.0 = Release
		{687C327F-CD65-4CA3-B4D7-F99C6D12C8EA}.CD_ROM|Any CPU.Deploy.0 = Release
		{687C327F-CD65-4CA3-B4D7-F99C6D12C8EA}.Debug|Any CPU.ActiveCfg = Debug
		{687C327F-CD65-4CA3-B4D7-F99C6D12C8EA}.Debug|Any CPU.Build.0 = Debug
		{687C327F-CD65-4CA3-B4D7-F99C6D12C8EA}.DebugLocal|Any CPU.ActiveCfg = DebugLocal
		{687C327F-CD65-4CA3-B4D7-F99C6D12C8EA}.DebugLocal|Any CPU.Build.0 = DebugLocal
		{687C327F-CD65-4CA3-B4D7-F99C6D12C8EA}.DVD-5|Any CPU.ActiveCfg = DebugLocal
		{687C327F-CD65-4CA3-B4D7-F99C6D12C8EA}.DVD-5|Any CPU.Build.0 = DebugLocal
		{687C327F-CD65-4CA3-B4D7-F99C6D12C8EA}.QA|Any CPU.ActiveCfg = QA
		{687C327F-CD65-4CA3-B4D7-F99C6D12C8EA}.QA|Any CPU.Build.0 = QA
		{687C327F-CD65-4CA3-B4D7-F99C6D12C8EA}.QA|Any CPU.Deploy.0 = QA
		{687C327F-CD65-4CA3-B4D7-F99C6D12C8EA}.Release|Any CPU.ActiveCfg = Release
		{687C327F-CD65-4CA3-B4D7-F99C6D12C8EA}.Release|Any CPU.Build.0 = Release
		{687C327F-CD65-4CA3-B4D7-F99C6D12C8EA}.Release|Any CPU.Deploy.0 = Release
		{687C327F-CD65-4CA3-B4D7-F99C6D12C8EA}.SingleImage|Any CPU.ActiveCfg = Release
		{687C327F-CD65-4CA3-B4D7-F99C6D12C8EA}.SingleImage|Any CPU.Build.0 = Release
		{687C327F-CD65-4CA3-B4D7-F99C6D12C8EA}.SingleImage|Any CPU.Deploy.0 = Release
		{6353720D-C784-4C00-A7B7-D652542FBCC9}.CD_ROM|Any CPU.ActiveCfg = Release|Any CPU
		{6353720D-C784-4C00-A7B7-D652542FBCC9}.CD_ROM|Any CPU.Build.0 = Release|Any CPU
		{6353720D-C784-4C00-A7B7-D652542FBCC9}.Debug|Any CPU.ActiveCfg = Debug|Any CPU
		{6353720D-C784-4C00-A7B7-D652542FBCC9}.Debug|Any CPU.Build.0 = Debug|Any CPU
		{6353720D-C784-4C00-A7B7-D652542FBCC9}.DebugLocal|Any CPU.ActiveCfg = Debug|Any CPU
		{6353720D-C784-4C00-A7B7-D652542FBCC9}.DebugLocal|Any CPU.Build.0 = Debug|Any CPU
		{6353720D-C784-4C00-A7B7-D652542FBCC9}.DVD-5|Any CPU.ActiveCfg = Debug|Any CPU
		{6353720D-C784-4C00-A7B7-D652542FBCC9}.DVD-5|Any CPU.Build.0 = Debug|Any CPU
		{6353720D-C784-4C00-A7B7-D652542FBCC9}.QA|Any CPU.ActiveCfg = QA|Any CPU
		{6353720D-C784-4C00-A7B7-D652542FBCC9}.QA|Any CPU.Build.0 = QA|Any CPU
		{6353720D-C784-4C00-A7B7-D652542FBCC9}.Release|Any CPU.ActiveCfg = Release|Any CPU
		{6353720D-C784-4C00-A7B7-D652542FBCC9}.Release|Any CPU.Build.0 = Release|Any CPU
		{6353720D-C784-4C00-A7B7-D652542FBCC9}.SingleImage|Any CPU.ActiveCfg = Release|Any CPU
		{6353720D-C784-4C00-A7B7-D652542FBCC9}.SingleImage|Any CPU.Build.0 = Release|Any CPU
		{10972792-16A1-4A13-8547-0CBDCB38FA45}.CD_ROM|Any CPU.ActiveCfg = Release|Any CPU
		{10972792-16A1-4A13-8547-0CBDCB38FA45}.CD_ROM|Any CPU.Build.0 = Release|Any CPU
		{10972792-16A1-4A13-8547-0CBDCB38FA45}.Debug|Any CPU.ActiveCfg = Debug|Any CPU
		{10972792-16A1-4A13-8547-0CBDCB38FA45}.Debug|Any CPU.Build.0 = Debug|Any CPU
		{10972792-16A1-4A13-8547-0CBDCB38FA45}.DebugLocal|Any CPU.ActiveCfg = Debug|Any CPU
		{10972792-16A1-4A13-8547-0CBDCB38FA45}.DebugLocal|Any CPU.Build.0 = Debug|Any CPU
		{10972792-16A1-4A13-8547-0CBDCB38FA45}.DVD-5|Any CPU.ActiveCfg = Debug|Any CPU
		{10972792-16A1-4A13-8547-0CBDCB38FA45}.DVD-5|Any CPU.Build.0 = Debug|Any CPU
		{10972792-16A1-4A13-8547-0CBDCB38FA45}.QA|Any CPU.ActiveCfg = QA|Any CPU
		{10972792-16A1-4A13-8547-0CBDCB38FA45}.QA|Any CPU.Build.0 = QA|Any CPU
		{10972792-16A1-4A13-8547-0CBDCB38FA45}.Release|Any CPU.ActiveCfg = Release|Any CPU
		{10972792-16A1-4A13-8547-0CBDCB38FA45}.Release|Any CPU.Build.0 = Release|Any CPU
		{10972792-16A1-4A13-8547-0CBDCB38FA45}.SingleImage|Any CPU.ActiveCfg = Release|Any CPU
		{10972792-16A1-4A13-8547-0CBDCB38FA45}.SingleImage|Any CPU.Build.0 = Release|Any CPU
		{A3F50187-738F-4392-9251-83517646ABE2}.CD_ROM|Any CPU.ActiveCfg = Release|Any CPU
		{A3F50187-738F-4392-9251-83517646ABE2}.CD_ROM|Any CPU.Build.0 = Release|Any CPU
		{A3F50187-738F-4392-9251-83517646ABE2}.Debug|Any CPU.ActiveCfg = Debug|Any CPU
		{A3F50187-738F-4392-9251-83517646ABE2}.Debug|Any CPU.Build.0 = Debug|Any CPU
		{A3F50187-738F-4392-9251-83517646ABE2}.DebugLocal|Any CPU.ActiveCfg = Debug|Any CPU
		{A3F50187-738F-4392-9251-83517646ABE2}.DebugLocal|Any CPU.Build.0 = Debug|Any CPU
		{A3F50187-738F-4392-9251-83517646ABE2}.DVD-5|Any CPU.ActiveCfg = Debug|Any CPU
		{A3F50187-738F-4392-9251-83517646ABE2}.DVD-5|Any CPU.Build.0 = Debug|Any CPU
		{A3F50187-738F-4392-9251-83517646ABE2}.QA|Any CPU.ActiveCfg = QA|Any CPU
		{A3F50187-738F-4392-9251-83517646ABE2}.QA|Any CPU.Build.0 = QA|Any CPU
		{A3F50187-738F-4392-9251-83517646ABE2}.Release|Any CPU.ActiveCfg = Release|Any CPU
		{A3F50187-738F-4392-9251-83517646ABE2}.Release|Any CPU.Build.0 = Release|Any CPU
		{A3F50187-738F-4392-9251-83517646ABE2}.SingleImage|Any CPU.ActiveCfg = Release|Any CPU
		{A3F50187-738F-4392-9251-83517646ABE2}.SingleImage|Any CPU.Build.0 = Release|Any CPU
		{59FCDD00-04FD-4AAC-BB53-FEF09EB417AD}.CD_ROM|Any CPU.ActiveCfg = Release|Any CPU
		{59FCDD00-04FD-4AAC-BB53-FEF09EB417AD}.CD_ROM|Any CPU.Build.0 = Release|Any CPU
		{59FCDD00-04FD-4AAC-BB53-FEF09EB417AD}.Debug|Any CPU.ActiveCfg = Release|Any CPU
		{59FCDD00-04FD-4AAC-BB53-FEF09EB417AD}.Debug|Any CPU.Build.0 = Release|Any CPU
		{59FCDD00-04FD-4AAC-BB53-FEF09EB417AD}.DebugLocal|Any CPU.ActiveCfg = Debug|Any CPU
		{59FCDD00-04FD-4AAC-BB53-FEF09EB417AD}.DebugLocal|Any CPU.Build.0 = Debug|Any CPU
		{59FCDD00-04FD-4AAC-BB53-FEF09EB417AD}.DVD-5|Any CPU.ActiveCfg = Debug|Any CPU
		{59FCDD00-04FD-4AAC-BB53-FEF09EB417AD}.DVD-5|Any CPU.Build.0 = Debug|Any CPU
		{59FCDD00-04FD-4AAC-BB53-FEF09EB417AD}.QA|Any CPU.ActiveCfg = QA|Any CPU
		{59FCDD00-04FD-4AAC-BB53-FEF09EB417AD}.QA|Any CPU.Build.0 = QA|Any CPU
		{59FCDD00-04FD-4AAC-BB53-FEF09EB417AD}.Release|Any CPU.ActiveCfg = Release|Any CPU
		{59FCDD00-04FD-4AAC-BB53-FEF09EB417AD}.Release|Any CPU.Build.0 = Release|Any CPU
		{59FCDD00-04FD-4AAC-BB53-FEF09EB417AD}.SingleImage|Any CPU.ActiveCfg = Release|Any CPU
		{59FCDD00-04FD-4AAC-BB53-FEF09EB417AD}.SingleImage|Any CPU.Build.0 = Release|Any CPU
		{65971B65-8DAD-4103-8FBF-672DC04D18D2}.CD_ROM|Any CPU.ActiveCfg = Release|Any CPU
		{65971B65-8DAD-4103-8FBF-672DC04D18D2}.CD_ROM|Any CPU.Build.0 = Release|Any CPU
		{65971B65-8DAD-4103-8FBF-672DC04D18D2}.Debug|Any CPU.ActiveCfg = Debug|Any CPU
		{65971B65-8DAD-4103-8FBF-672DC04D18D2}.Debug|Any CPU.Build.0 = Debug|Any CPU
		{65971B65-8DAD-4103-8FBF-672DC04D18D2}.DebugLocal|Any CPU.ActiveCfg = Debug|Any CPU
		{65971B65-8DAD-4103-8FBF-672DC04D18D2}.DebugLocal|Any CPU.Build.0 = Debug|Any CPU
		{65971B65-8DAD-4103-8FBF-672DC04D18D2}.DVD-5|Any CPU.ActiveCfg = Debug|Any CPU
		{65971B65-8DAD-4103-8FBF-672DC04D18D2}.DVD-5|Any CPU.Build.0 = Debug|Any CPU
		{65971B65-8DAD-4103-8FBF-672DC04D18D2}.QA|Any CPU.ActiveCfg = QA|Any CPU
		{65971B65-8DAD-4103-8FBF-672DC04D18D2}.QA|Any CPU.Build.0 = QA|Any CPU
		{65971B65-8DAD-4103-8FBF-672DC04D18D2}.Release|Any CPU.ActiveCfg = Release|Any CPU
		{65971B65-8DAD-4103-8FBF-672DC04D18D2}.Release|Any CPU.Build.0 = Release|Any CPU
		{65971B65-8DAD-4103-8FBF-672DC04D18D2}.SingleImage|Any CPU.ActiveCfg = Release|Any CPU
		{65971B65-8DAD-4103-8FBF-672DC04D18D2}.SingleImage|Any CPU.Build.0 = Release|Any CPU
		{C3C551EE-5B91-4609-92F1-649B35228B82}.CD_ROM|Any CPU.ActiveCfg = Release|Any CPU
		{C3C551EE-5B91-4609-92F1-649B35228B82}.CD_ROM|Any CPU.Build.0 = Release|Any CPU
		{C3C551EE-5B91-4609-92F1-649B35228B82}.Debug|Any CPU.ActiveCfg = Debug|Any CPU
		{C3C551EE-5B91-4609-92F1-649B35228B82}.Debug|Any CPU.Build.0 = Debug|Any CPU
		{C3C551EE-5B91-4609-92F1-649B35228B82}.DebugLocal|Any CPU.ActiveCfg = Debug|Any CPU
		{C3C551EE-5B91-4609-92F1-649B35228B82}.DebugLocal|Any CPU.Build.0 = Debug|Any CPU
		{C3C551EE-5B91-4609-92F1-649B35228B82}.DVD-5|Any CPU.ActiveCfg = Debug|Any CPU
		{C3C551EE-5B91-4609-92F1-649B35228B82}.DVD-5|Any CPU.Build.0 = Debug|Any CPU
		{C3C551EE-5B91-4609-92F1-649B35228B82}.QA|Any CPU.ActiveCfg = QA|Any CPU
		{C3C551EE-5B91-4609-92F1-649B35228B82}.QA|Any CPU.Build.0 = QA|Any CPU
		{C3C551EE-5B91-4609-92F1-649B35228B82}.Release|Any CPU.ActiveCfg = Release|Any CPU
		{C3C551EE-5B91-4609-92F1-649B35228B82}.Release|Any CPU.Build.0 = Release|Any CPU
		{C3C551EE-5B91-4609-92F1-649B35228B82}.SingleImage|Any CPU.ActiveCfg = Release|Any CPU
		{C3C551EE-5B91-4609-92F1-649B35228B82}.SingleImage|Any CPU.Build.0 = Release|Any CPU
		{FE20B958-1D23-46E1-B463-7B145BA2AABB}.CD_ROM|Any CPU.ActiveCfg = Release|Any CPU
		{FE20B958-1D23-46E1-B463-7B145BA2AABB}.CD_ROM|Any CPU.Build.0 = Release|Any CPU
		{FE20B958-1D23-46E1-B463-7B145BA2AABB}.Debug|Any CPU.ActiveCfg = Release|Any CPU
		{FE20B958-1D23-46E1-B463-7B145BA2AABB}.Debug|Any CPU.Build.0 = Release|Any CPU
		{FE20B958-1D23-46E1-B463-7B145BA2AABB}.DebugLocal|Any CPU.ActiveCfg = Debug|Any CPU
		{FE20B958-1D23-46E1-B463-7B145BA2AABB}.DebugLocal|Any CPU.Build.0 = Debug|Any CPU
		{FE20B958-1D23-46E1-B463-7B145BA2AABB}.DVD-5|Any CPU.ActiveCfg = Debug|Any CPU
		{FE20B958-1D23-46E1-B463-7B145BA2AABB}.DVD-5|Any CPU.Build.0 = Debug|Any CPU
		{FE20B958-1D23-46E1-B463-7B145BA2AABB}.QA|Any CPU.ActiveCfg = QA|Any CPU
		{FE20B958-1D23-46E1-B463-7B145BA2AABB}.QA|Any CPU.Build.0 = QA|Any CPU
		{FE20B958-1D23-46E1-B463-7B145BA2AABB}.Release|Any CPU.ActiveCfg = Release|Any CPU
		{FE20B958-1D23-46E1-B463-7B145BA2AABB}.Release|Any CPU.Build.0 = Release|Any CPU
		{FE20B958-1D23-46E1-B463-7B145BA2AABB}.SingleImage|Any CPU.ActiveCfg = Release|Any CPU
		{FE20B958-1D23-46E1-B463-7B145BA2AABB}.SingleImage|Any CPU.Build.0 = Release|Any CPU
		{7899ACD1-490E-44FC-978A-13131515A56D}.CD_ROM|Any CPU.ActiveCfg = Release|Any CPU
		{7899ACD1-490E-44FC-978A-13131515A56D}.CD_ROM|Any CPU.Build.0 = Release|Any CPU
		{7899ACD1-490E-44FC-978A-13131515A56D}.Debug|Any CPU.ActiveCfg = Debug|Any CPU
		{7899ACD1-490E-44FC-978A-13131515A56D}.Debug|Any CPU.Build.0 = Debug|Any CPU
		{7899ACD1-490E-44FC-978A-13131515A56D}.DebugLocal|Any CPU.ActiveCfg = Debug|Any CPU
		{7899ACD1-490E-44FC-978A-13131515A56D}.DebugLocal|Any CPU.Build.0 = Debug|Any CPU
		{7899ACD1-490E-44FC-978A-13131515A56D}.DVD-5|Any CPU.ActiveCfg = Debug|Any CPU
		{7899ACD1-490E-44FC-978A-13131515A56D}.DVD-5|Any CPU.Build.0 = Debug|Any CPU
		{7899ACD1-490E-44FC-978A-13131515A56D}.QA|Any CPU.ActiveCfg = QA|Any CPU
		{7899ACD1-490E-44FC-978A-13131515A56D}.QA|Any CPU.Build.0 = QA|Any CPU
		{7899ACD1-490E-44FC-978A-13131515A56D}.Release|Any CPU.ActiveCfg = Release|Any CPU
		{7899ACD1-490E-44FC-978A-13131515A56D}.Release|Any CPU.Build.0 = Release|Any CPU
		{7899ACD1-490E-44FC-978A-13131515A56D}.SingleImage|Any CPU.ActiveCfg = Release|Any CPU
		{7899ACD1-490E-44FC-978A-13131515A56D}.SingleImage|Any CPU.Build.0 = Release|Any CPU
	EndGlobalSection
	GlobalSection(SolutionProperties) = preSolution
		HideSolutionNode = FALSE
	EndGlobalSection
	GlobalSection(NestedProjects) = preSolution
		{97BD53FB-F175-45E5-A182-ECC47DCE2B12} = {AFC3E6F9-BFB3-401D-A572-DA6CEF079000}
		{7A02DF10-6661-4268-8BC0-B4D62478B934} = {AFC3E6F9-BFB3-401D-A572-DA6CEF079000}
		{A236503E-6DF1-4DE8-A38E-39389FCCDB55} = {D68C5CB8-8CEC-4817-A4D7-5277E199D3DE}
		{89722F44-0FE6-4195-93D7-78765F6E8B7E} = {FCEF324A-19C8-40FB-BC1F-698CD77492B9}
		{A3F50187-738F-4392-9251-83517646ABE2} = {D68C5CB8-8CEC-4817-A4D7-5277E199D3DE}
		{65971B65-8DAD-4103-8FBF-672DC04D18D2} = {FCEF324A-19C8-40FB-BC1F-698CD77492B9}
		{7899ACD1-490E-44FC-978A-13131515A56D} = {D68C5CB8-8CEC-4817-A4D7-5277E199D3DE}
	EndGlobalSection
EndGlobal
